
Microsoft Visual Studio Solution File, Format Version 12.00
# Visual Studio Version 17
VisualStudioVersion = 17.0.31912.275
MinimumVisualStudioVersion = 10.0.40219.1
Project("{FAE04EC0-301F-11D3-BF4B-00C04F79EFBC}") = "CogniFit.Server", "CogniFit\Server\CogniFit.Server.csproj", "{836E3F5D-935A-43AD-BAA7-317FE39ADB67}"
EndProject
Project("{FAE04EC0-301F-11D3-BF4B-00C04F79EFBC}") = "CogniFit.Client", "CogniFit\Client\CogniFit.Client.csproj", "{B3E82580-94FD-4ED3-BB49-D27BB291C201}"
EndProject
Project("{FAE04EC0-301F-11D3-BF4B-00C04F79EFBC}") = "CogniFit.Shared", "CogniFit\Shared\CogniFit.Shared.csproj", "{81A2A6D5-E423-4D6D-9906-F78D16625C3E}"
EndProject
Global
	GlobalSection(SolutionConfigurationPlatforms) = preSolution
		Debug|Any CPU = Debug|Any CPU
		Release|Any CPU = Release|Any CPU
	EndGlobalSection
	GlobalSection(ProjectConfigurationPlatforms) = postSolution
		{836E3F5D-935A-43AD-BAA7-317FE39ADB67}.Debug|Any CPU.ActiveCfg = Debug|Any CPU
		{836E3F5D-935A-43AD-BAA7-317FE39ADB67}.Debug|Any CPU.Build.0 = Debug|Any CPU
		{836E3F5D-935A-43AD-BAA7-317FE39ADB67}.Release|Any CPU.ActiveCfg = Release|Any CPU
		{836E3F5D-935A-43AD-BAA7-317FE39ADB67}.Release|Any CPU.Build.0 = Release|Any CPU
		{B3E82580-94FD-4ED3-BB49-D27BB291C201}.Debug|Any CPU.ActiveCfg = Debug|Any CPU
		{B3E82580-94FD-4ED3-BB49-D27BB291C201}.Debug|Any CPU.Build.0 = Debug|Any CPU
		{B3E82580-94FD-4ED3-BB49-D27BB291C201}.Release|Any CPU.ActiveCfg = Release|Any CPU
		{B3E82580-94FD-4ED3-BB49-D27BB291C201}.Release|Any CPU.Build.0 = Release|Any CPU
		{81A2A6D5-E423-4D6D-9906-F78D16625C3E}.Debug|Any CPU.ActiveCfg = Debug|Any CPU
		{81A2A6D5-E423-4D6D-9906-F78D16625C3E}.Debug|Any CPU.Build.0 = Debug|Any CPU
		{81A2A6D5-E423-4D6D-9906-F78D16625C3E}.Release|Any CPU.ActiveCfg = Release|Any CPU
		{81A2A6D5-E423-4D6D-9906-F78D16625C3E}.Release|Any CPU.Build.0 = Release|Any CPU
	EndGlobalSection
	GlobalSection(SolutionProperties) = preSolution
		HideSolutionNode = FALSE
	EndGlobalSection
	GlobalSection(ExtensibilityGlobals) = postSolution
		SolutionGuid = {5D2F107C-F3FA-43A9-A943-4C35FBB385C5}
	EndGlobalSection
EndGlobal
